
Microsoft Visual Studio Solution File, Format Version 11.00
# Visual Studio 2010
Project("{FAE04EC0-301F-11D3-BF4B-00C04F79EFBC}") = "Assembly-CSharp-firstpass", "Assembly-CSharp-firstpass.csproj", "{78AFF578-786F-3F11-788A-1992F2DA08E3}"
EndProject
Project("{FAE04EC0-301F-11D3-BF4B-00C04F79EFBC}") = "Assembly-CSharp", "Assembly-CSharp.csproj", "{3009DF34-796E-F4D7-037A-ADB530DB1553}"
EndProject
Project("{FAE04EC0-301F-11D3-BF4B-00C04F79EFBC}") = "Assembly-CSharp-Editor-firstpass", "Assembly-CSharp-Editor-firstpass.csproj", "{ACED525B-2960-AF74-A04D-C3E537640726}"
EndProject
Global
	GlobalSection(SolutionConfigurationPlatforms) = preSolution
		Debug|Any CPU = Debug|Any CPU
		Release|Any CPU = Release|Any CPU
	EndGlobalSection
	GlobalSection(ProjectConfigurationPlatforms) = postSolution
		{78AFF578-786F-3F11-788A-1992F2DA08E3}.Debug|Any CPU.ActiveCfg = Debug|Any CPU
		{78AFF578-786F-3F11-788A-1992F2DA08E3}.Debug|Any CPU.Build.0 = Debug|Any CPU
		{78AFF578-786F-3F11-788A-1992F2DA08E3}.Release|Any CPU.ActiveCfg = Release|Any CPU
		{78AFF578-786F-3F11-788A-1992F2DA08E3}.Release|Any CPU.Build.0 = Release|Any CPU
		{3009DF34-796E-F4D7-037A-ADB530DB1553}.Debug|Any CPU.ActiveCfg = Debug|Any CPU
		{3009DF34-796E-F4D7-037A-ADB530DB1553}.Debug|Any CPU.Build.0 = Debug|Any CPU
		{3009DF34-796E-F4D7-037A-ADB530DB1553}.Release|Any CPU.ActiveCfg = Release|Any CPU
		{3009DF34-796E-F4D7-037A-ADB530DB1553}.Release|Any CPU.Build.0 = Release|Any CPU
		{ACED525B-2960-AF74-A04D-C3E537640726}.Debug|Any CPU.ActiveCfg = Debug|Any CPU
		{ACED525B-2960-AF74-A04D-C3E537640726}.Debug|Any CPU.Build.0 = Debug|Any CPU
		{ACED525B-2960-AF74-A04D-C3E537640726}.Release|Any CPU.ActiveCfg = Release|Any CPU
		{ACED525B-2960-AF74-A04D-C3E537640726}.Release|Any CPU.Build.0 = Release|Any CPU
	EndGlobalSection
	GlobalSection(SolutionProperties) = preSolution
		HideSolutionNode = FALSE
	EndGlobalSection
EndGlobal
